
Microsoft Visual Studio Solution File, Format Version 12.00
# Visual Studio Version 16
VisualStudioVersion = 16.0.29409.12
MinimumVisualStudioVersion = 10.0.40219.1
Project("{FAE04EC0-301F-11D3-BF4B-00C04F79EFBC}") = "AstroImagingCatalog", "AstroImagingCatalog\AstroImagingCatalog.csproj", "{C616171C-4F92-42C2-ACB6-D01BF450F032}"
EndProject
Global
	GlobalSection(SolutionConfigurationPlatforms) = preSolution
		Debug|Any CPU = Debug|Any CPU
		Release|Any CPU = Release|Any CPU
	EndGlobalSection
	GlobalSection(ProjectConfigurationPlatforms) = postSolution
		{C616171C-4F92-42C2-ACB6-D01BF450F032}.Debug|Any CPU.ActiveCfg = Debug|Any CPU
		{C616171C-4F92-42C2-ACB6-D01BF450F032}.Debug|Any CPU.Build.0 = Debug|Any CPU
		{C616171C-4F92-42C2-ACB6-D01BF450F032}.Release|Any CPU.ActiveCfg = Release|Any CPU
		{C616171C-4F92-42C2-ACB6-D01BF450F032}.Release|Any CPU.Build.0 = Release|Any CPU
	EndGlobalSection
	GlobalSection(SolutionProperties) = preSolution
		HideSolutionNode = FALSE
	EndGlobalSection
	GlobalSection(ExtensibilityGlobals) = postSolution
		SolutionGuid = {30EF72EA-5858-44F1-9CFA-640D50C20B15}
	EndGlobalSection
EndGlobal
